
Microsoft Visual Studio Solution File, Format Version 12.00
# Visual Studio 15
VisualStudioVersion = 15.0.27428.2027
MinimumVisualStudioVersion = 10.0.40219.1
Project("{8BC9CEB8-8B4A-11D0-8D11-00A0C91BC942}") = "vector", "vector\vector.vcxproj", "{E58933F5-17A8-4F49-8AFA-A937B0911000}"
EndProject
Global
	GlobalSection(SolutionConfigurationPlatforms) = preSolution
		Debug|x64 = Debug|x64
		Debug|x86 = Debug|x86
		Release|x64 = Release|x64
		Release|x86 = Release|x86
	EndGlobalSection
	GlobalSection(ProjectConfigurationPlatforms) = postSolution
		{E58933F5-17A8-4F49-8AFA-A937B0911000}.Debug|x64.ActiveCfg = Debug|x64
		{E58933F5-17A8-4F49-8AFA-A937B0911000}.Debug|x64.Build.0 = Debug|x64
		{E58933F5-17A8-4F49-8AFA-A937B0911000}.Debug|x86.ActiveCfg = Debug|Win32
		{E58933F5-17A8-4F49-8AFA-A937B0911000}.Debug|x86.Build.0 = Debug|Win32
		{E58933F5-17A8-4F49-8AFA-A937B0911000}.Release|x64.ActiveCfg = Release|x64
		{E58933F5-17A8-4F49-8AFA-A937B0911000}.Release|x64.Build.0 = Release|x64
		{E58933F5-17A8-4F49-8AFA-A937B0911000}.Release|x86.ActiveCfg = Release|Win32
		{E58933F5-17A8-4F49-8AFA-A937B0911000}.Release|x86.Build.0 = Release|Win32
	EndGlobalSection
	GlobalSection(SolutionProperties) = preSolution
		HideSolutionNode = FALSE
	EndGlobalSection
	GlobalSection(ExtensibilityGlobals) = postSolution
		SolutionGuid = {A2F9D7D8-5D6C-412C-BCB4-B61078F10567}
	EndGlobalSection
EndGlobal
